
Microsoft Visual Studio Solution File, Format Version 12.00
# Visual Studio Version 17
VisualStudioVersion = 17.7.34302.85
MinimumVisualStudioVersion = 10.0.40219.1
Project("{FAE04EC0-301F-11D3-BF4B-00C04F79EFBC}") = "Producers", "Producers\Producers.csproj", "{29DF926C-99F3-4EA8-8064-0EAC2B19B209}"
EndProject
Project("{FAE04EC0-301F-11D3-BF4B-00C04F79EFBC}") = "Consumers", "Consumers\Consumers.csproj", "{4DC5D9F6-488B-4A74-8E8F-C68F483C112A}"
EndProject
Project("{FAE04EC0-301F-11D3-BF4B-00C04F79EFBC}") = "Models", "Models\Models.csproj", "{F58D47EC-8C47-41F8-A0E4-6F722C4BCCF4}"
EndProject
Global
	GlobalSection(SolutionConfigurationPlatforms) = preSolution
		Debug|Any CPU = Debug|Any CPU
		Release|Any CPU = Release|Any CPU
	EndGlobalSection
	GlobalSection(ProjectConfigurationPlatforms) = postSolution
		{29DF926C-99F3-4EA8-8064-0EAC2B19B209}.Debug|Any CPU.ActiveCfg = Debug|Any CPU
		{29DF926C-99F3-4EA8-8064-0EAC2B19B209}.Debug|Any CPU.Build.0 = Debug|Any CPU
		{29DF926C-99F3-4EA8-8064-0EAC2B19B209}.Release|Any CPU.ActiveCfg = Release|Any CPU
		{29DF926C-99F3-4EA8-8064-0EAC2B19B209}.Release|Any CPU.Build.0 = Release|Any CPU
		{4DC5D9F6-488B-4A74-8E8F-C68F483C112A}.Debug|Any CPU.ActiveCfg = Debug|Any CPU
		{4DC5D9F6-488B-4A74-8E8F-C68F483C112A}.Debug|Any CPU.Build.0 = Debug|Any CPU
		{4DC5D9F6-488B-4A74-8E8F-C68F483C112A}.Release|Any CPU.ActiveCfg = Release|Any CPU
		{4DC5D9F6-488B-4A74-8E8F-C68F483C112A}.Release|Any CPU.Build.0 = Release|Any CPU
		{F58D47EC-8C47-41F8-A0E4-6F722C4BCCF4}.Debug|Any CPU.ActiveCfg = Debug|Any CPU
		{F58D47EC-8C47-41F8-A0E4-6F722C4BCCF4}.Debug|Any CPU.Build.0 = Debug|Any CPU
		{F58D47EC-8C47-41F8-A0E4-6F722C4BCCF4}.Release|Any CPU.ActiveCfg = Release|Any CPU
		{F58D47EC-8C47-41F8-A0E4-6F722C4BCCF4}.Release|Any CPU.Build.0 = Release|Any CPU
	EndGlobalSection
	GlobalSection(SolutionProperties) = preSolution
		HideSolutionNode = FALSE
	EndGlobalSection
	GlobalSection(ExtensibilityGlobals) = postSolution
		SolutionGuid = {CC036EA6-39D7-4896-9A93-5BABBF964748}
	EndGlobalSection
EndGlobal
